
Microsoft Visual Studio Solution File, Format Version 12.00
# Visual Studio 14
VisualStudioVersion = 14.0.25420.1
MinimumVisualStudioVersion = 10.0.40219.1
Project("{FAE04EC0-301F-11D3-BF4B-00C04F79EFBC}") = "SatHachBangLaiXe", "SatHachBangLaiXe\SatHachBangLaiXe.csproj", "{31BEB6DB-9E17-445A-B91F-3DE0C805736D}"
EndProject
Project("{FAE04EC0-301F-11D3-BF4B-00C04F79EFBC}") = "BLL", "BLL\BLL.csproj", "{152B458B-29D6-409C-99FD-545E677B5D84}"
EndProject
Project("{FAE04EC0-301F-11D3-BF4B-00C04F79EFBC}") = "DAL", "DAL\DAL.csproj", "{5122FB90-A17F-4D2B-8D71-04CC2E8CDDF7}"
EndProject
Project("{FAE04EC0-301F-11D3-BF4B-00C04F79EFBC}") = "DTO", "DTO\DTO.csproj", "{A62709A0-2A2D-4488-93A2-02071A14F6E5}"
EndProject
Global
	GlobalSection(SolutionConfigurationPlatforms) = preSolution
		Debug|Any CPU = Debug|Any CPU
		Release|Any CPU = Release|Any CPU
	EndGlobalSection
	GlobalSection(ProjectConfigurationPlatforms) = postSolution
		{31BEB6DB-9E17-445A-B91F-3DE0C805736D}.Debug|Any CPU.ActiveCfg = Debug|Any CPU
		{31BEB6DB-9E17-445A-B91F-3DE0C805736D}.Debug|Any CPU.Build.0 = Debug|Any CPU
		{31BEB6DB-9E17-445A-B91F-3DE0C805736D}.Release|Any CPU.ActiveCfg = Release|Any CPU
		{31BEB6DB-9E17-445A-B91F-3DE0C805736D}.Release|Any CPU.Build.0 = Release|Any CPU
		{152B458B-29D6-409C-99FD-545E677B5D84}.Debug|Any CPU.ActiveCfg = Debug|Any CPU
		{152B458B-29D6-409C-99FD-545E677B5D84}.Debug|Any CPU.Build.0 = Debug|Any CPU
		{152B458B-29D6-409C-99FD-545E677B5D84}.Release|Any CPU.ActiveCfg = Release|Any CPU
		{152B458B-29D6-409C-99FD-545E677B5D84}.Release|Any CPU.Build.0 = Release|Any CPU
		{5122FB90-A17F-4D2B-8D71-04CC2E8CDDF7}.Debug|Any CPU.ActiveCfg = Debug|Any CPU
		{5122FB90-A17F-4D2B-8D71-04CC2E8CDDF7}.Debug|Any CPU.Build.0 = Debug|Any CPU
		{5122FB90-A17F-4D2B-8D71-04CC2E8CDDF7}.Release|Any CPU.ActiveCfg = Release|Any CPU
		{5122FB90-A17F-4D2B-8D71-04CC2E8CDDF7}.Release|Any CPU.Build.0 = Release|Any CPU
		{A62709A0-2A2D-4488-93A2-02071A14F6E5}.Debug|Any CPU.ActiveCfg = Debug|Any CPU
		{A62709A0-2A2D-4488-93A2-02071A14F6E5}.Debug|Any CPU.Build.0 = Debug|Any CPU
		{A62709A0-2A2D-4488-93A2-02071A14F6E5}.Release|Any CPU.ActiveCfg = Release|Any CPU
		{A62709A0-2A2D-4488-93A2-02071A14F6E5}.Release|Any CPU.Build.0 = Release|Any CPU
	EndGlobalSection
	GlobalSection(SolutionProperties) = preSolution
		HideSolutionNode = FALSE
	EndGlobalSection
EndGlobal
